// !$*UTF8*$!
{
	archiveVersion = 1;
	classes = {
	};
	objectVersion = 56;
	objects = {

/* Begin PBXBuildFile section */
		D3B770122C66157E00C2D485 /* WatchCalculatorApp.swift in Sources */ = {isa = PBXBuildFile; fileRef = D3B770112C66157E00C2D485 /* WatchCalculatorApp.swift */; };
		D3B770142C66157E00C2D485 /* ContentView.swift in Sources */ = {isa = PBXBuildFile; fileRef = D3B770132C66157E00C2D485 /* ContentView.swift */; };
		D3B770162C66157E00C2D485 /* Item.swift in Sources */ = {isa = PBXBuildFile; fileRef = D3B770152C66157E00C2D485 /* Item.swift */; };
		D3B770182C66158000C2D485 /* Assets.xcassets in Resources */ = {isa = PBXBuildFile; fileRef = D3B770172C66158000C2D485 /* Assets.xcassets */; };
		D3B7701B2C66158000C2D485 /* Preview Assets.xcassets in Resources */ = {isa = PBXBuildFile; fileRef = D3B7701A2C66158000C2D485 /* Preview Assets.xcassets */; };
		D3B770252C66158000C2D485 /* WatchCalculatorTests.swift in Sources */ = {isa = PBXBuildFile; fileRef = D3B770242C66158000C2D485 /* WatchCalculatorTests.swift */; };
		D3B7702F2C66158000C2D485 /* WatchCalculatorUITests.swift in Sources */ = {isa = PBXBuildFile; fileRef = D3B7702E2C66158000C2D485 /* WatchCalculatorUITests.swift */; };
		D3B770312C66158000C2D485 /* WatchCalculatorUITestsLaunchTests.swift in Sources */ = {isa = PBXBuildFile; fileRef = D3B770302C66158000C2D485 /* WatchCalculatorUITestsLaunchTests.swift */; };
/* End PBXBuildFile section */

/* Begin PBXContainerItemProxy section */
		D3B770212C66158000C2D485 /* PBXContainerItemProxy */ = {
			isa = PBXContainerItemProxy;
			containerPortal = D3B770062C66157E00C2D485 /* Project object */;
			proxyType = 1;
			remoteGlobalIDString = D3B7700D2C66157E00C2D485;
			remoteInfo = WatchCalculator;
		};
		D3B7702B2C66158000C2D485 /* PBXContainerItemProxy */ = {
			isa = PBXContainerItemProxy;
			containerPortal = D3B770062C66157E00C2D485 /* Project object */;
			proxyType = 1;
			remoteGlobalIDString = D3B7700D2C66157E00C2D485;
			remoteInfo = WatchCalculator;
		};
/* End PBXContainerItemProxy section */

/* Begin PBXFileReference section */
		D3B7700E2C66157E00C2D485 /* WatchCalculator.app */ = {isa = PBXFileReference; explicitFileType = wrapper.application; includeInIndex = 0; path = WatchCalculator.app; sourceTree = BUILT_PRODUCTS_DIR; };
		D3B770112C66157E00C2D485 /* WatchCalculatorApp.swift */ = {isa = PBXFileReference; lastKnownFileType = sourcecode.swift; path = WatchCalculatorApp.swift; sourceTree = "<group>"; };
		D3B770132C66157E00C2D485 /* ContentView.swift */ = {isa = PBXFileReference; lastKnownFileType = sourcecode.swift; path = ContentView.swift; sourceTree = "<group>"; };
		D3B770152C66157E00C2D485 /* Item.swift */ = {isa = PBXFileReference; lastKnownFileType = sourcecode.swift; path = Item.swift; sourceTree = "<group>"; };
		D3B770172C66158000C2D485 /* Assets.xcassets */ = {isa = PBXFileReference; lastKnownFileType = folder.assetcatalog; path = Assets.xcassets; sourceTree = "<group>"; };
		D3B7701A2C66158000C2D485 /* Preview Assets.xcassets */ = {isa = PBXFileReference; lastKnownFileType = folder.assetcatalog; path = "Preview Assets.xcassets"; sourceTree = "<group>"; };
		D3B770202C66158000C2D485 /* WatchCalculatorTests.xctest */ = {isa = PBXFileReference; explicitFileType = wrapper.cfbundle; includeInIndex = 0; path = WatchCalculatorTests.xctest; sourceTree = BUILT_PRODUCTS_DIR; };
		D3B770242C66158000C2D485 /* WatchCalculatorTests.swift */ = {isa = PBXFileReference; lastKnownFileType = sourcecode.swift; path = WatchCalculatorTests.swift; sourceTree = "<group>"; };
		D3B7702A2C66158000C2D485 /* WatchCalculatorUITests.xctest */ = {isa = PBXFileReference; explicitFileType = wrapper.cfbundle; includeInIndex = 0; path = WatchCalculatorUITests.xctest; sourceTree = BUILT_PRODUCTS_DIR; };
		D3B7702E2C66158000C2D485 /* WatchCalculatorUITests.swift */ = {isa = PBXFileReference; lastKnownFileType = sourcecode.swift; path = WatchCalculatorUITests.swift; sourceTree = "<group>"; };
		D3B770302C66158000C2D485 /* WatchCalculatorUITestsLaunchTests.swift */ = {isa = PBXFileReference; lastKnownFileType = sourcecode.swift; path = WatchCalculatorUITestsLaunchTests.swift; sourceTree = "<group>"; };
/* End PBXFileReference section */

/* Begin PBXFrameworksBuildPhase section */
		D3B7700B2C66157E00C2D485 /* Frameworks */ = {
			isa = PBXFrameworksBuildPhase;
			buildActionMask = 2147483647;
			files = (
			);
			runOnlyForDeploymentPostprocessing = 0;
		};
		D3B7701D2C66158000C2D485 /* Frameworks */ = {
			isa = PBXFrameworksBuildPhase;
			buildActionMask = 2147483647;
			files = (
			);
			runOnlyForDeploymentPostprocessing = 0;
		};
		D3B770272C66158000C2D485 /* Frameworks */ = {
			isa = PBXFrameworksBuildPhase;
			buildActionMask = 2147483647;
			files = (
			);
			runOnlyForDeploymentPostprocessing = 0;
		};
/* End PBXFrameworksBuildPhase section */

/* Begin PBXGroup section */
		D3B770052C66157E00C2D485 = {
			isa = PBXGroup;
			children = (
				D3B770102C66157E00C2D485 /* WatchCalculator */,
				D3B770232C66158000C2D485 /* WatchCalculatorTests */,
				D3B7702D2C66158000C2D485 /* WatchCalculatorUITests */,
				D3B7700F2C66157E00C2D485 /* Products */,
			);
			sourceTree = "<group>";
		};
		D3B7700F2C66157E00C2D485 /* Products */ = {
			isa = PBXGroup;
			children = (
				D3B7700E2C66157E00C2D485 /* WatchCalculator.app */,
				D3B770202C66158000C2D485 /* WatchCalculatorTests.xctest */,
				D3B7702A2C66158000C2D485 /* WatchCalculatorUITests.xctest */,
			);
			name = Products;
			sourceTree = "<group>";
		};
		D3B770102C66157E00C2D485 /* WatchCalculator */ = {
			isa = PBXGroup;
			children = (
				D3B770112C66157E00C2D485 /* WatchCalculatorApp.swift */,
				D3B770132C66157E00C2D485 /* ContentView.swift */,
				D3B770152C66157E00C2D485 /* Item.swift */,
				D3B770172C66158000C2D485 /* Assets.xcassets */,
				D3B770192C66158000C2D485 /* Preview Content */,
			);
			path = WatchCalculator;
			sourceTree = "<group>";
		};
		D3B770192C66158000C2D485 /* Preview Content */ = {
			isa = PBXGroup;
			children = (
				D3B7701A2C66158000C2D485 /* Preview Assets.xcassets */,
			);
			path = "Preview Content";
			sourceTree = "<group>";
		};
		D3B770232C66158000C2D485 /* WatchCalculatorTests */ = {
			isa = PBXGroup;
			children = (
				D3B770242C66158000C2D485 /* WatchCalculatorTests.swift */,
			);
			path = WatchCalculatorTests;
			sourceTree = "<group>";
		};
		D3B7702D2C66158000C2D485 /* WatchCalculatorUITests */ = {
			isa = PBXGroup;
			children = (
				D3B7702E2C66158000C2D485 /* WatchCalculatorUITests.swift */,
				D3B770302C66158000C2D485 /* WatchCalculatorUITestsLaunchTests.swift */,
			);
			path = WatchCalculatorUITests;
			sourceTree = "<group>";
		};
/* End PBXGroup section */

/* Begin PBXNativeTarget section */
		D3B7700D2C66157E00C2D485 /* WatchCalculator */ = {
			isa = PBXNativeTarget;
			buildConfigurationList = D3B770342C66158000C2D485 /* Build configuration list for PBXNativeTarget "WatchCalculator" */;
			buildPhases = (
				D3B7700A2C66157E00C2D485 /* Sources */,
				D3B7700B2C66157E00C2D485 /* Frameworks */,
				D3B7700C2C66157E00C2D485 /* Resources */,
			);
			buildRules = (
			);
			dependencies = (
			);
			name = WatchCalculator;
			productName = WatchCalculator;
			productReference = D3B7700E2C66157E00C2D485 /* WatchCalculator.app */;
			productType = "com.apple.product-type.application";
		};
		D3B7701F2C66158000C2D485 /* WatchCalculatorTests */ = {
			isa = PBXNativeTarget;
			buildConfigurationList = D3B770372C66158000C2D485 /* Build configuration list for PBXNativeTarget "WatchCalculatorTests" */;
			buildPhases = (
				D3B7701C2C66158000C2D485 /* Sources */,
				D3B7701D2C66158000C2D485 /* Frameworks */,
				D3B7701E2C66158000C2D485 /* Resources */,
			);
			buildRules = (
			);
			dependencies = (
				D3B770222C66158000C2D485 /* PBXTargetDependency */,
			);
			name = WatchCalculatorTests;
			productName = WatchCalculatorTests;
			productReference = D3B770202C66158000C2D485 /* WatchCalculatorTests.xctest */;
			productType = "com.apple.product-type.bundle.unit-test";
		};
		D3B770292C66158000C2D485 /* WatchCalculatorUITests */ = {
			isa = PBXNativeTarget;
			buildConfigurationList = D3B7703A2C66158000C2D485 /* Build configuration list for PBXNativeTarget "WatchCalculatorUITests" */;
			buildPhases = (
				D3B770262C66158000C2D485 /* Sources */,
				D3B770272C66158000C2D485 /* Frameworks */,
				D3B770282C66158000C2D485 /* Resources */,
			);
			buildRules = (
			);
			dependencies = (
				D3B7702C2C66158000C2D485 /* PBXTargetDependency */,
			);
			name = WatchCalculatorUITests;
			productName = WatchCalculatorUITests;
			productReference = D3B7702A2C66158000C2D485 /* WatchCalculatorUITests.xctest */;
			productType = "com.apple.product-type.bundle.ui-testing";
		};
/* End PBXNativeTarget section */

/* Begin PBXProject section */
		D3B770062C66157E00C2D485 /* Project object */ = {
			isa = PBXProject;
			attributes = {
				BuildIndependentTargetsInParallel = 1;
				LastSwiftUpdateCheck = 1540;
				LastUpgradeCheck = 1540;
				TargetAttributes = {
					D3B7700D2C66157E00C2D485 = {
						CreatedOnToolsVersion = 15.4;
					};
					D3B7701F2C66158000C2D485 = {
						CreatedOnToolsVersion = 15.4;
						TestTargetID = D3B7700D2C66157E00C2D485;
					};
					D3B770292C66158000C2D485 = {
						CreatedOnToolsVersion = 15.4;
						TestTargetID = D3B7700D2C66157E00C2D485;
					};
				};
			};
			buildConfigurationList = D3B770092C66157E00C2D485 /* Build configuration list for PBXProject "WatchCalculator" */;
			compatibilityVersion = "Xcode 14.0";
			developmentRegion = en;
			hasScannedForEncodings = 0;
			knownRegions = (
				en,
				Base,
			);
			mainGroup = D3B770052C66157E00C2D485;
			productRefGroup = D3B7700F2C66157E00C2D485 /* Products */;
			projectDirPath = "";
			projectRoot = "";
			targets = (
				D3B7700D2C66157E00C2D485 /* WatchCalculator */,
				D3B7701F2C66158000C2D485 /* WatchCalculatorTests */,
				D3B770292C66158000C2D485 /* WatchCalculatorUITests */,
			);
		};
/* End PBXProject section */

/* Begin PBXResourcesBuildPhase section */
		D3B7700C2C66157E00C2D485 /* Resources */ = {
			isa = PBXResourcesBuildPhase;
			buildActionMask = 2147483647;
			files = (
				D3B7701B2C66158000C2D485 /* Preview Assets.xcassets in Resources */,
				D3B770182C66158000C2D485 /* Assets.xcassets in Resources */,
			);
			runOnlyForDeploymentPostprocessing = 0;
		};
		D3B7701E2C66158000C2D485 /* Resources */ = {
			isa = PBXResourcesBuildPhase;
			buildActionMask = 2147483647;
			files = (
			);
			runOnlyForDeploymentPostprocessing = 0;
		};
		D3B770282C66158000C2D485 /* Resources */ = {
			isa = PBXResourcesBuildPhase;
			buildActionMask = 2147483647;
			files = (
			);
			runOnlyForDeploymentPostprocessing = 0;
		};
/* End PBXResourcesBuildPhase section */

/* Begin PBXSourcesBuildPhase section */
		D3B7700A2C66157E00C2D485 /* Sources */ = {
			isa = PBXSourcesBuildPhase;
			buildActionMask = 2147483647;
			files = (
				D3B770142C66157E00C2D485 /* ContentView.swift in Sources */,
				D3B770162C66157E00C2D485 /* Item.swift in Sources */,
				D3B770122C66157E00C2D485 /* WatchCalculatorApp.swift in Sources */,
			);
			runOnlyForDeploymentPostprocessing = 0;
		};
		D3B7701C2C66158000C2D485 /* Sources */ = {
			isa = PBXSourcesBuildPhase;
			buildActionMask = 2147483647;
			files = (
				D3B770252C66158000C2D485 /* WatchCalculatorTests.swift in Sources */,
			);
			runOnlyForDeploymentPostprocessing = 0;
		};
		D3B770262C66158000C2D485 /* Sources */ = {
			isa = PBXSourcesBuildPhase;
			buildActionMask = 2147483647;
			files = (
				D3B770312C66158000C2D485 /* WatchCalculatorUITestsLaunchTests.swift in Sources */,
				D3B7702F2C66158000C2D485 /* WatchCalculatorUITests.swift in Sources */,
			);
			runOnlyForDeploymentPostprocessing = 0;
		};
/* End PBXSourcesBuildPhase section */

/* Begin PBXTargetDependency section */
		D3B770222C66158000C2D485 /* PBXTargetDependency */ = {
			isa = PBXTargetDependency;
			target = D3B7700D2C66157E00C2D485 /* WatchCalculator */;
			targetProxy = D3B770212C66158000C2D485 /* PBXContainerItemProxy */;
		};
		D3B7702C2C66158000C2D485 /* PBXTargetDependency */ = {
			isa = PBXTargetDependency;
			target = D3B7700D2C66157E00C2D485 /* WatchCalculator */;
			targetProxy = D3B7702B2C66158000C2D485 /* PBXContainerItemProxy */;
		};
/* End PBXTargetDependency section */

/* Begin XCBuildConfiguration section */
		D3B770322C66158000C2D485 /* Debug */ = {
			isa = XCBuildConfiguration;
			buildSettings = {
				ALWAYS_SEARCH_USER_PATHS = NO;
				ASSETCATALOG_COMPILER_GENERATE_SWIFT_ASSET_SYMBOL_EXTENSIONS = YES;
				CLANG_ANALYZER_NONNULL = YES;
				CLANG_ANALYZER_NUMBER_OBJECT_CONVERSION = YES_AGGRESSIVE;
				CLANG_CXX_LANGUAGE_STANDARD = "gnu++20";
				CLANG_ENABLE_MODULES = YES;
				CLANG_ENABLE_OBJC_ARC = YES;
				CLANG_ENABLE_OBJC_WEAK = YES;
				CLANG_WARN_BLOCK_CAPTURE_AUTORELEASING = YES;
				CLANG_WARN_BOOL_CONVERSION = YES;
				CLANG_WARN_COMMA = YES;
				CLANG_WARN_CONSTANT_CONVERSION = YES;
				CLANG_WARN_DEPRECATED_OBJC_IMPLEMENTATIONS = YES;
				CLANG_WARN_DIRECT_OBJC_ISA_USAGE = YES_ERROR;
				CLANG_WARN_DOCUMENTATION_COMMENTS = YES;
				CLANG_WARN_EMPTY_BODY = YES;
				CLANG_WARN_ENUM_CONVERSION = YES;
				CLANG_WARN_INFINITE_RECURSION = YES;
				CLANG_WARN_INT_CONVERSION = YES;
				CLANG_WARN_NON_LITERAL_NULL_CONVERSION = YES;
				CLANG_WARN_OBJC_IMPLICIT_RETAIN_SELF = YES;
				CLANG_WARN_OBJC_LITERAL_CONVERSION = YES;
				CLANG_WARN_OBJC_ROOT_CLASS = YES_ERROR;
				CLANG_WARN_QUOTED_INCLUDE_IN_FRAMEWORK_HEADER = YES;
				CLANG_WARN_RANGE_LOOP_ANALYSIS = YES;
				CLANG_WARN_STRICT_PROTOTYPES = YES;
				CLANG_WARN_SUSPICIOUS_MOVE = YES;
				CLANG_WARN_UNGUARDED_AVAILABILITY = YES_AGGRESSIVE;
				CLANG_WARN_UNREACHABLE_CODE = YES;
				CLANG_WARN__DUPLICATE_METHOD_MATCH = YES;
				COPY_PHASE_STRIP = NO;
				DEBUG_INFORMATION_FORMAT = dwarf;
				ENABLE_STRICT_OBJC_MSGSEND = YES;
				ENABLE_TESTABILITY = YES;
				ENABLE_USER_SCRIPT_SANDBOXING = YES;
				GCC_C_LANGUAGE_STANDARD = gnu17;
				GCC_DYNAMIC_NO_PIC = NO;
				GCC_NO_COMMON_BLOCKS = YES;
				GCC_OPTIMIZATION_LEVEL = 0;
				GCC_PREPROCESSOR_DEFINITIONS = (
					"DEBUG=1",
					"$(inherited)",
				);
				GCC_WARN_64_TO_32_BIT_CONVERSION = YES;
				GCC_WARN_ABOUT_RETURN_TYPE = YES_ERROR;
				GCC_WARN_UNDECLARED_SELECTOR = YES;
				GCC_WARN_UNINITIALIZED_AUTOS = YES_AGGRESSIVE;
				GCC_WARN_UNUSED_FUNCTION = YES;
				GCC_WARN_UNUSED_VARIABLE = YES;
				IPHONEOS_DEPLOYMENT_TARGET = 17.5;
				LOCALIZATION_PREFERS_STRING_CATALOGS = YES;
				MTL_ENABLE_DEBUG_INFO = INCLUDE_SOURCE;
				MTL_FAST_MATH = YES;
				ONLY_ACTIVE_ARCH = YES;
				SDKROOT = iphoneos;
				SWIFT_ACTIVE_COMPILATION_CONDITIONS = "DEBUG $(inherited)";
				SWIFT_OPTIMIZATION_LEVEL = "-Onone";
			};
			name = Debug;
		};
		D3B770332C66158000C2D485 /* Release */ = {
			isa = XCBuildConfiguration;
			buildSettings = {
				ALWAYS_SEARCH_USER_PATHS = NO;
				ASSETCATALOG_COMPILER_GENERATE_SWIFT_ASSET_SYMBOL_EXTENSIONS = YES;
				CLANG_ANALYZER_NONNULL = YES;
				CLANG_ANALYZER_NUMBER_OBJECT_CONVERSION = YES_AGGRESSIVE;
				CLANG_CXX_LANGUAGE_STANDARD = "gnu++20";
				CLANG_ENABLE_MODULES = YES;
				CLANG_ENABLE_OBJC_ARC = YES;
				CLANG_ENABLE_OBJC_WEAK = YES;
				CLANG_WARN_BLOCK_CAPTURE_AUTORELEASING = YES;
				CLANG_WARN_BOOL_CONVERSION = YES;
				CLANG_WARN_COMMA = YES;
				CLANG_WARN_CONSTANT_CONVERSION = YES;
				CLANG_WARN_DEPRECATED_OBJC_IMPLEMENTATIONS = YES;
				CLANG_WARN_DIRECT_OBJC_ISA_USAGE = YES_ERROR;
				CLANG_WARN_DOCUMENTATION_COMMENTS = YES;
				CLANG_WARN_EMPTY_BODY = YES;
				CLANG_WARN_ENUM_CONVERSION = YES;
				CLANG_WARN_INFINITE_RECURSION = YES;
				CLANG_WARN_INT_CONVERSION = YES;
				CLANG_WARN_NON_LITERAL_NULL_CONVERSION = YES;
				CLANG_WARN_OBJC_IMPLICIT_RETAIN_SELF = YES;
				CLANG_WARN_OBJC_LITERAL_CONVERSION = YES;
				CLANG_WARN_OBJC_ROOT_CLASS = YES_ERROR;
				CLANG_WARN_QUOTED_INCLUDE_IN_FRAMEWORK_HEADER = YES;
				CLANG_WARN_RANGE_LOOP_ANALYSIS = YES;
				CLANG_WARN_STRICT_PROTOTYPES = YES;
				CLANG_WARN_SUSPICIOUS_MOVE = YES;
				CLANG_WARN_UNGUARDED_AVAILABILITY = YES_AGGRESSIVE;
				CLANG_WARN_UNREACHABLE_CODE = YES;
				CLANG_WARN__DUPLICATE_METHOD_MATCH = YES;
				COPY_PHASE_STRIP = NO;
				DEBUG_INFORMATION_FORMAT = "dwarf-with-dsym";
				ENABLE_NS_ASSERTIONS = NO;
				ENABLE_STRICT_OBJC_MSGSEND = YES;
				ENABLE_USER_SCRIPT_SANDBOXING = YES;
				GCC_C_LANGUAGE_STANDARD = gnu17;
				GCC_NO_COMMON_BLOCKS = YES;
				GCC_WARN_64_TO_32_BIT_CONVERSION = YES;
				GCC_WARN_ABOUT_RETURN_TYPE = YES_ERROR;
				GCC_WARN_UNDECLARED_SELECTOR = YES;
				GCC_WARN_UNINITIALIZED_AUTOS = YES_AGGRESSIVE;
				GCC_WARN_UNUSED_FUNCTION = YES;
				GCC_WARN_UNUSED_VARIABLE = YES;
				IPHONEOS_DEPLOYMENT_TARGET = 17.5;
				LOCALIZATION_PREFERS_STRING_CATALOGS = YES;
				MTL_ENABLE_DEBUG_INFO = NO;
				MTL_FAST_MATH = YES;
				SDKROOT = iphoneos;
				SWIFT_COMPILATION_MODE = wholemodule;
				VALIDATE_PRODUCT = YES;
			};
			name = Release;
		};
		D3B770352C66158000C2D485 /* Debug */ = {
			isa = XCBuildConfiguration;
			buildSettings = {
				ASSETCATALOG_COMPILER_APPICON_NAME = AppIcon;
				ASSETCATALOG_COMPILER_GLOBAL_ACCENT_COLOR_NAME = AccentColor;
				CODE_SIGN_STYLE = Automatic;
				CURRENT_PROJECT_VERSION = 1;
				DEVELOPMENT_ASSET_PATHS = "\"WatchCalculator/Preview Content\"";
				DEVELOPMENT_TEAM = NPPKFF59HD;
				ENABLE_PREVIEWS = YES;
				GENERATE_INFOPLIST_FILE = YES;
				INFOPLIST_KEY_UIApplicationSceneManifest_Generation = YES;
				INFOPLIST_KEY_UIApplicationSupportsIndirectInputEvents = YES;
				INFOPLIST_KEY_UILaunchScreen_Generation = YES;
				INFOPLIST_KEY_UISupportedInterfaceOrientations_iPad = "UIInterfaceOrientationPortrait UIInterfaceOrientationPortraitUpsideDown UIInterfaceOrientationLandscapeLeft UIInterfaceOrientationLandscapeRight";
				INFOPLIST_KEY_UISupportedInterfaceOrientations_iPhone = "UIInterfaceOrientationPortrait UIInterfaceOrientationLandscapeLeft UIInterfaceOrientationLandscapeRight";
				LD_RUNPATH_SEARCH_PATHS = (
					"$(inherited)",
					"@executable_path/Frameworks",
				);
				MARKETING_VERSION = 1.0;
				PRODUCT_BUNDLE_IDENTIFIER = emreyilmaz.WatchCalculator;
				PRODUCT_NAME = "$(TARGET_NAME)";
				SWIFT_EMIT_LOC_STRINGS = YES;
				SWIFT_VERSION = 5.0;
				TARGETED_DEVICE_FAMILY = "1,2";
			};
			name = Debug;
		};
		D3B770362C66158000C2D485 /* Release */ = {
			isa = XCBuildConfiguration;
			buildSettings = {
				ASSETCATALOG_COMPILER_APPICON_NAME = AppIcon;
				ASSETCATALOG_COMPILER_GLOBAL_ACCENT_COLOR_NAME = AccentColor;
				CODE_SIGN_STYLE = Automatic;
				CURRENT_PROJECT_VERSION = 1;
				DEVELOPMENT_ASSET_PATHS = "\"WatchCalculator/Preview Content\"";
				DEVELOPMENT_TEAM = NPPKFF59HD;
				ENABLE_PREVIEWS = YES;
				GENERATE_INFOPLIST_FILE = YES;
				INFOPLIST_KEY_UIApplicationSceneManifest_Generation = YES;
				INFOPLIST_KEY_UIApplicationSupportsIndirectInputEvents = YES;
				INFOPLIST_KEY_UILaunchScreen_Generation = YES;
				INFOPLIST_KEY_UISupportedInterfaceOrientations_iPad = "UIInterfaceOrientationPortrait UIInterfaceOrientationPortraitUpsideDown UIInterfaceOrientationLandscapeLeft UIInterfaceOrientationLandscapeRight";
				INFOPLIST_KEY_UISupportedInterfaceOrientations_iPhone = "UIInterfaceOrientationPortrait UIInterfaceOrientationLandscapeLeft UIInterfaceOrientationLandscapeRight";
				LD_RUNPATH_SEARCH_PATHS = (
					"$(inherited)",
					"@executable_path/Frameworks",
				);
				MARKETING_VERSION = 1.0;
				PRODUCT_BUNDLE_IDENTIFIER = emreyilmaz.WatchCalculator;
				PRODUCT_NAME = "$(TARGET_NAME)";
				SWIFT_EMIT_LOC_STRINGS = YES;
				SWIFT_VERSION = 5.0;
				TARGETED_DEVICE_FAMILY = "1,2";
			};
			name = Release;
		};
		D3B770382C66158000C2D485 /* Debug */ = {
			isa = XCBuildConfiguration;
			buildSettings = {
				ALWAYS_EMBED_SWIFT_STANDARD_LIBRARIES = YES;
				BUNDLE_LOADER = "$(TEST_HOST)";
				CODE_SIGN_STYLE = Automatic;
				CURRENT_PROJECT_VERSION = 1;
				DEVELOPMENT_TEAM = NPPKFF59HD;
				GENERATE_INFOPLIST_FILE = YES;
				IPHONEOS_DEPLOYMENT_TARGET = 17.5;
				MARKETING_VERSION = 1.0;
				PRODUCT_BUNDLE_IDENTIFIER = emreyilmaz.WatchCalculatorTests;
				PRODUCT_NAME = "$(TARGET_NAME)";
				SWIFT_EMIT_LOC_STRINGS = NO;
				SWIFT_VERSION = 5.0;
				TARGETED_DEVICE_FAMILY = "1,2";
				TEST_HOST = "$(BUILT_PRODUCTS_DIR)/WatchCalculator.app/$(BUNDLE_EXECUTABLE_FOLDER_PATH)/WatchCalculator";
			};
			name = Debug;
		};
		D3B770392C66158000C2D485 /* Release */ = {
			isa = XCBuildConfiguration;
			buildSettings = {
				ALWAYS_EMBED_SWIFT_STANDARD_LIBRARIES = YES;
				BUNDLE_LOADER = "$(TEST_HOST)";
				CODE_SIGN_STYLE = Automatic;
				CURRENT_PROJECT_VERSION = 1;
				DEVELOPMENT_TEAM = NPPKFF59HD;
				GENERATE_INFOPLIST_FILE = YES;
				IPHONEOS_DEPLOYMENT_TARGET = 17.5;
				MARKETING_VERSION = 1.0;
				PRODUCT_BUNDLE_IDENTIFIER = emreyilmaz.WatchCalculatorTests;
				PRODUCT_NAME = "$(TARGET_NAME)";
				SWIFT_EMIT_LOC_STRINGS = NO;
				SWIFT_VERSION = 5.0;
				TARGETED_DEVICE_FAMILY = "1,2";
				TEST_HOST = "$(BUILT_PRODUCTS_DIR)/WatchCalculator.app/$(BUNDLE_EXECUTABLE_FOLDER_PATH)/WatchCalculator";
			};
			name = Release;
		};
		D3B7703B2C66158000C2D485 /* Debug */ = {
			isa = XCBuildConfiguration;
			buildSettings = {
				ALWAYS_EMBED_SWIFT_STANDARD_LIBRARIES = YES;
				CODE_SIGN_STYLE = Automatic;
				CURRENT_PROJECT_VERSION = 1;
				DEVELOPMENT_TEAM = NPPKFF59HD;
				GENERATE_INFOPLIST_FILE = YES;
				MARKETING_VERSION = 1.0;
				PRODUCT_BUNDLE_IDENTIFIER = emreyilmaz.WatchCalculatorUITests;
				PRODUCT_NAME = "$(TARGET_NAME)";
				SWIFT_EMIT_LOC_STRINGS = NO;
				SWIFT_VERSION = 5.0;
				TARGETED_DEVICE_FAMILY = "1,2";
				TEST_TARGET_NAME = WatchCalculator;
			};
			name = Debug;
		};
		D3B7703C2C66158000C2D485 /* Release */ = {
			isa = XCBuildConfiguration;
			buildSettings = {
				ALWAYS_EMBED_SWIFT_STANDARD_LIBRARIES = YES;
				CODE_SIGN_STYLE = Automatic;
				CURRENT_PROJECT_VERSION = 1;
				DEVELOPMENT_TEAM = NPPKFF59HD;
				GENERATE_INFOPLIST_FILE = YES;
				MARKETING_VERSION = 1.0;
				PRODUCT_BUNDLE_IDENTIFIER = emreyilmaz.WatchCalculatorUITests;
				PRODUCT_NAME = "$(TARGET_NAME)";
				SWIFT_EMIT_LOC_STRINGS = NO;
				SWIFT_VERSION = 5.0;
				TARGETED_DEVICE_FAMILY = "1,2";
				TEST_TARGET_NAME = WatchCalculator;
			};
			name = Release;
		};
/* End XCBuildConfiguration section */

/* Begin XCConfigurationList section */
		D3B770092C66157E00C2D485 /* Build configuration list for PBXProject "WatchCalculator" */ = {
			isa = XCConfigurationList;
			buildConfigurations = (
				D3B770322C66158000C2D485 /* Debug */,
				D3B770332C66158000C2D485 /* Release */,
			);
			defaultConfigurationIsVisible = 0;
			defaultConfigurationName = Release;
		};
		D3B770342C66158000C2D485 /* Build configuration list for PBXNativeTarget "WatchCalculator" */ = {
			isa = XCConfigurationList;
			buildConfigurations = (
				D3B770352C66158000C2D485 /* Debug */,
				D3B770362C66158000C2D485 /* Release */,
			);
			defaultConfigurationIsVisible = 0;
			defaultConfigurationName = Release;
		};
		D3B770372C66158000C2D485 /* Build configuration list for PBXNativeTarget "WatchCalculatorTests" */ = {
			isa = XCConfigurationList;
			buildConfigurations = (
				D3B770382C66158000C2D485 /* Debug */,
				D3B770392C66158000C2D485 /* Release */,
			);
			defaultConfigurationIsVisible = 0;
			defaultConfigurationName = Release;
		};
		D3B7703A2C66158000C2D485 /* Build configuration list for PBXNativeTarget "WatchCalculatorUITests" */ = {
			isa = XCConfigurationList;
			buildConfigurations = (
				D3B7703B2C66158000C2D485 /* Debug */,
				D3B7703C2C66158000C2D485 /* Release */,
			);
			defaultConfigurationIsVisible = 0;
			defaultConfigurationName = Release;
		};
/* End XCConfigurationList section */
	};
	rootObject = D3B770062C66157E00C2D485 /* Project object */;
}
